
Microsoft Visual Studio Solution File, Format Version 12.00
# Visual Studio Version 17
VisualStudioVersion = 17.11.35327.3
MinimumVisualStudioVersion = 10.0.40219.1
Project("{FAE04EC0-301F-11D3-BF4B-00C04F79EFBC}") = "FactorialRecursion", "FactorialRecursion.csproj", "{448DA536-9436-4BD3-A487-51CF91B73AAB}"
EndProject
Global
	GlobalSection(SolutionConfigurationPlatforms) = preSolution
		Debug|Any CPU = Debug|Any CPU
		Release|Any CPU = Release|Any CPU
	EndGlobalSection
	GlobalSection(ProjectConfigurationPlatforms) = postSolution
		{448DA536-9436-4BD3-A487-51CF91B73AAB}.Debug|Any CPU.ActiveCfg = Debug|Any CPU
		{448DA536-9436-4BD3-A487-51CF91B73AAB}.Debug|Any CPU.Build.0 = Debug|Any CPU
		{448DA536-9436-4BD3-A487-51CF91B73AAB}.Release|Any CPU.ActiveCfg = Release|Any CPU
		{448DA536-9436-4BD3-A487-51CF91B73AAB}.Release|Any CPU.Build.0 = Release|Any CPU
	EndGlobalSection
	GlobalSection(SolutionProperties) = preSolution
		HideSolutionNode = FALSE
	EndGlobalSection
	GlobalSection(ExtensibilityGlobals) = postSolution
		SolutionGuid = {68376902-FA62-4ABC-8A57-12E38A137FEE}
	EndGlobalSection
EndGlobal
